
Microsoft Visual Studio Solution File, Format Version 12.00
Project("{FAE04EC0-301F-11D3-BF4B-00C04F79EFBC}") = "ApiGame", "ApiGame\ApiGame.csproj", "{1FED1A52-D9BC-4F9D-A088-2C767EFA0C39}"
EndProject
Global
	GlobalSection(SolutionConfigurationPlatforms) = preSolution
		Debug|Any CPU = Debug|Any CPU
		Release|Any CPU = Release|Any CPU
	EndGlobalSection
	GlobalSection(ProjectConfigurationPlatforms) = postSolution
		{1FED1A52-D9BC-4F9D-A088-2C767EFA0C39}.Debug|Any CPU.ActiveCfg = Debug|Any CPU
		{1FED1A52-D9BC-4F9D-A088-2C767EFA0C39}.Debug|Any CPU.Build.0 = Debug|Any CPU
		{1FED1A52-D9BC-4F9D-A088-2C767EFA0C39}.Release|Any CPU.ActiveCfg = Release|Any CPU
		{1FED1A52-D9BC-4F9D-A088-2C767EFA0C39}.Release|Any CPU.Build.0 = Release|Any CPU
	EndGlobalSection
EndGlobal
